
Microsoft Visual Studio Solution File, Format Version 12.00
# Visual Studio 15
Project("{FAE04EC0-301F-11D3-BF4B-00C04F79EFBC}") = "Assembly-CSharp", "Assembly-CSharp.csproj", "{6EAE5B24-CD59-900B-B0D4-0C8B1A0C1E8B}"
EndProject
Global
	GlobalSection(SolutionConfigurationPlatforms) = preSolution
		Debug|Any CPU = Debug|Any CPU
		Release|Any CPU = Release|Any CPU
	EndGlobalSection
	GlobalSection(ProjectConfigurationPlatforms) = postSolution
		{6EAE5B24-CD59-900B-B0D4-0C8B1A0C1E8B}.Debug|Any CPU.ActiveCfg = Debug|Any CPU
		{6EAE5B24-CD59-900B-B0D4-0C8B1A0C1E8B}.Debug|Any CPU.Build.0 = Debug|Any CPU
		{6EAE5B24-CD59-900B-B0D4-0C8B1A0C1E8B}.Release|Any CPU.ActiveCfg = Release|Any CPU
		{6EAE5B24-CD59-900B-B0D4-0C8B1A0C1E8B}.Release|Any CPU.Build.0 = Release|Any CPU
	EndGlobalSection
	GlobalSection(SolutionProperties) = preSolution
		HideSolutionNode = FALSE
	EndGlobalSection
EndGlobal
